
Microsoft Visual Studio Solution File, Format Version 12.00
# Visual Studio Version 16
VisualStudioVersion = 16.0.28803.452
MinimumVisualStudioVersion = 10.0.40219.1
Project("{FAE04EC0-301F-11D3-BF4B-00C04F79EFBC}") = "SukruBerkay", "SukruBerkay\SukruBerkay.csproj", "{AB22099F-CCBB-48AA-8840-D96E68DB0AB2}"
EndProject
Global
	GlobalSection(SolutionConfigurationPlatforms) = preSolution
		Debug|Any CPU = Debug|Any CPU
		Release|Any CPU = Release|Any CPU
	EndGlobalSection
	GlobalSection(ProjectConfigurationPlatforms) = postSolution
		{AB22099F-CCBB-48AA-8840-D96E68DB0AB2}.Debug|Any CPU.ActiveCfg = Debug|Any CPU
		{AB22099F-CCBB-48AA-8840-D96E68DB0AB2}.Debug|Any CPU.Build.0 = Debug|Any CPU
		{AB22099F-CCBB-48AA-8840-D96E68DB0AB2}.Release|Any CPU.ActiveCfg = Release|Any CPU
		{AB22099F-CCBB-48AA-8840-D96E68DB0AB2}.Release|Any CPU.Build.0 = Release|Any CPU
	EndGlobalSection
	GlobalSection(SolutionProperties) = preSolution
		HideSolutionNode = FALSE
	EndGlobalSection
	GlobalSection(ExtensibilityGlobals) = postSolution
		SolutionGuid = {B78E6B1C-5E7C-466F-AFC1-8BF14AFB0430}
	EndGlobalSection
EndGlobal
