
Microsoft Visual Studio Solution File, Format Version 12.00
# Visual Studio Version 16
VisualStudioVersion = 16.0.28803.452
MinimumVisualStudioVersion = 10.0.40219.1
Project("{FAE04EC0-301F-11D3-BF4B-00C04F79EFBC}") = "KendiDukkanim", "KendiDukkanim\KendiDukkanim.csproj", "{53923348-68D2-4E34-9D18-91485508DE70}"
EndProject
Global
	GlobalSection(SolutionConfigurationPlatforms) = preSolution
		Debug|Any CPU = Debug|Any CPU
		Release|Any CPU = Release|Any CPU
	EndGlobalSection
	GlobalSection(ProjectConfigurationPlatforms) = postSolution
		{53923348-68D2-4E34-9D18-91485508DE70}.Debug|Any CPU.ActiveCfg = Debug|Any CPU
		{53923348-68D2-4E34-9D18-91485508DE70}.Debug|Any CPU.Build.0 = Debug|Any CPU
		{53923348-68D2-4E34-9D18-91485508DE70}.Release|Any CPU.ActiveCfg = Release|Any CPU
		{53923348-68D2-4E34-9D18-91485508DE70}.Release|Any CPU.Build.0 = Release|Any CPU
	EndGlobalSection
	GlobalSection(SolutionProperties) = preSolution
		HideSolutionNode = FALSE
	EndGlobalSection
	GlobalSection(ExtensibilityGlobals) = postSolution
		SolutionGuid = {85D358F4-3418-4F29-A5F9-F7E43E5F9F76}
	EndGlobalSection
EndGlobal
